
Microsoft Visual Studio Solution File, Format Version 12.00
# Visual Studio 15
VisualStudioVersion = 15.0.27130.2020
MinimumVisualStudioVersion = 10.0.40219.1
Project("{9A19103F-16F7-4668-BE54-9A1E7A4F7556}") = "P03", "P03\P03.csproj", "{0A3114BE-02DC-4C62-9E7A-F977DE80E3D7}"
EndProject
Project("{9A19103F-16F7-4668-BE54-9A1E7A4F7556}") = "P04.AverageGrades", "P04.AverageGrades\P04.AverageGrades.csproj", "{7E461CA4-CEBC-40F6-B989-6B145EF7EF7B}"
EndProject
Project("{9A19103F-16F7-4668-BE54-9A1E7A4F7556}") = "P05.BookLibrary", "P05.BookLibrary\P05.BookLibrary.csproj", "{DF5B0873-5939-4E14-8589-E59170909814}"
EndProject
Project("{9A19103F-16F7-4668-BE54-9A1E7A4F7556}") = "P06.BookLibraryMod", "P06.BookLibraryMod\P06.BookLibraryMod.csproj", "{5AADF9BC-ABB5-4D35-B291-EB23B344614D}"
EndProject
Project("{9A19103F-16F7-4668-BE54-9A1E7A4F7556}") = "P07.AndreyAndBilliards", "P07.AndreyAndBilliards\P07.AndreyAndBilliards.csproj", "{F2406C90-1849-4271-88E6-37E8FD48B3AD}"
EndProject
Global
	GlobalSection(SolutionConfigurationPlatforms) = preSolution
		Debug|Any CPU = Debug|Any CPU
		Release|Any CPU = Release|Any CPU
	EndGlobalSection
	GlobalSection(ProjectConfigurationPlatforms) = postSolution
		{0A3114BE-02DC-4C62-9E7A-F977DE80E3D7}.Debug|Any CPU.ActiveCfg = Debug|Any CPU
		{0A3114BE-02DC-4C62-9E7A-F977DE80E3D7}.Debug|Any CPU.Build.0 = Debug|Any CPU
		{0A3114BE-02DC-4C62-9E7A-F977DE80E3D7}.Release|Any CPU.ActiveCfg = Release|Any CPU
		{0A3114BE-02DC-4C62-9E7A-F977DE80E3D7}.Release|Any CPU.Build.0 = Release|Any CPU
		{7E461CA4-CEBC-40F6-B989-6B145EF7EF7B}.Debug|Any CPU.ActiveCfg = Debug|Any CPU
		{7E461CA4-CEBC-40F6-B989-6B145EF7EF7B}.Debug|Any CPU.Build.0 = Debug|Any CPU
		{7E461CA4-CEBC-40F6-B989-6B145EF7EF7B}.Release|Any CPU.ActiveCfg = Release|Any CPU
		{7E461CA4-CEBC-40F6-B989-6B145EF7EF7B}.Release|Any CPU.Build.0 = Release|Any CPU
		{DF5B0873-5939-4E14-8589-E59170909814}.Debug|Any CPU.ActiveCfg = Debug|Any CPU
		{DF5B0873-5939-4E14-8589-E59170909814}.Debug|Any CPU.Build.0 = Debug|Any CPU
		{DF5B0873-5939-4E14-8589-E59170909814}.Release|Any CPU.ActiveCfg = Release|Any CPU
		{DF5B0873-5939-4E14-8589-E59170909814}.Release|Any CPU.Build.0 = Release|Any CPU
		{5AADF9BC-ABB5-4D35-B291-EB23B344614D}.Debug|Any CPU.ActiveCfg = Debug|Any CPU
		{5AADF9BC-ABB5-4D35-B291-EB23B344614D}.Debug|Any CPU.Build.0 = Debug|Any CPU
		{5AADF9BC-ABB5-4D35-B291-EB23B344614D}.Release|Any CPU.ActiveCfg = Release|Any CPU
		{5AADF9BC-ABB5-4D35-B291-EB23B344614D}.Release|Any CPU.Build.0 = Release|Any CPU
		{F2406C90-1849-4271-88E6-37E8FD48B3AD}.Debug|Any CPU.ActiveCfg = Debug|Any CPU
		{F2406C90-1849-4271-88E6-37E8FD48B3AD}.Debug|Any CPU.Build.0 = Debug|Any CPU
		{F2406C90-1849-4271-88E6-37E8FD48B3AD}.Release|Any CPU.ActiveCfg = Release|Any CPU
		{F2406C90-1849-4271-88E6-37E8FD48B3AD}.Release|Any CPU.Build.0 = Release|Any CPU
	EndGlobalSection
	GlobalSection(SolutionProperties) = preSolution
		HideSolutionNode = FALSE
	EndGlobalSection
	GlobalSection(ExtensibilityGlobals) = postSolution
		SolutionGuid = {A1DC1EB2-2F91-4697-B2AC-F36FB94BB3D7}
	EndGlobalSection
EndGlobal
